
Microsoft Visual Studio Solution File, Format Version 12.00
# Visual Studio Version 17
VisualStudioVersion = 17.1.32319.34
MinimumVisualStudioVersion = 10.0.40219.1
Project("{FAE04EC0-301F-11D3-BF4B-00C04F79EFBC}") = "iz9_opp", "iz9_opp.csproj", "{336D1D7F-3AAB-4C78-8D59-E58F80A8053A}"
EndProject
Global
	GlobalSection(SolutionConfigurationPlatforms) = preSolution
		Debug|Any CPU = Debug|Any CPU
		Release|Any CPU = Release|Any CPU
	EndGlobalSection
	GlobalSection(ProjectConfigurationPlatforms) = postSolution
		{336D1D7F-3AAB-4C78-8D59-E58F80A8053A}.Debug|Any CPU.ActiveCfg = Debug|Any CPU
		{336D1D7F-3AAB-4C78-8D59-E58F80A8053A}.Debug|Any CPU.Build.0 = Debug|Any CPU
		{336D1D7F-3AAB-4C78-8D59-E58F80A8053A}.Release|Any CPU.ActiveCfg = Release|Any CPU
		{336D1D7F-3AAB-4C78-8D59-E58F80A8053A}.Release|Any CPU.Build.0 = Release|Any CPU
	EndGlobalSection
	GlobalSection(SolutionProperties) = preSolution
		HideSolutionNode = FALSE
	EndGlobalSection
	GlobalSection(ExtensibilityGlobals) = postSolution
		SolutionGuid = {E17D179A-DDBC-4870-914E-9A2661855E71}
	EndGlobalSection
EndGlobal
